// !$*UTF8*$!
{
	archiveVersion = 1;
	classes = {
	};
	objectVersion = 46;
	objects = {

/* Begin PBXBuildFile section */
		97AE96A32E3F28243757E915 /* libPods-PlacePicker.a in Frameworks */ = {isa = PBXBuildFile; fileRef = 7463DABB0FCB69CD763BDED6 /* libPods-PlacePicker.a */; };
		E88F9A0E1DD12A4200BE11E7 /* AppDelegate.swift in Sources */ = {isa = PBXBuildFile; fileRef = E88F9A0D1DD12A4200BE11E7 /* AppDelegate.swift */; };
		E88F9A101DD12A4200BE11E7 /* ViewController.swift in Sources */ = {isa = PBXBuildFile; fileRef = E88F9A0F1DD12A4200BE11E7 /* ViewController.swift */; };
		E88F9A131DD12A4300BE11E7 /* Main.storyboard in Resources */ = {isa = PBXBuildFile; fileRef = E88F9A111DD12A4300BE11E7 /* Main.storyboard */; };
		E88F9A151DD12A4300BE11E7 /* Assets.xcassets in Resources */ = {isa = PBXBuildFile; fileRef = E88F9A141DD12A4300BE11E7 /* Assets.xcassets */; };
		E88F9A181DD12A4300BE11E7 /* LaunchScreen.storyboard in Resources */ = {isa = PBXBuildFile; fileRef = E88F9A161DD12A4300BE11E7 /* LaunchScreen.storyboard */; };
		E88F9A231DD12A4400BE11E7 /* PlacePickerTests.swift in Sources */ = {isa = PBXBuildFile; fileRef = E88F9A221DD12A4400BE11E7 /* PlacePickerTests.swift */; };
/* End PBXBuildFile section */

/* Begin PBXContainerItemProxy section */
		E88F9A1F1DD12A4400BE11E7 /* PBXContainerItemProxy */ = {
			isa = PBXContainerItemProxy;
			containerPortal = E88F9A021DD12A4200BE11E7 /* Project object */;
			proxyType = 1;
			remoteGlobalIDString = E88F9A091DD12A4200BE11E7;
			remoteInfo = PlacePicker;
		};
/* End PBXContainerItemProxy section */

/* Begin PBXFileReference section */
		6C5E07C1CBCADBFDAC6FDF50 /* Pods-PlacePicker.release.xcconfig */ = {isa = PBXFileReference; includeInIndex = 1; lastKnownFileType = text.xcconfig; name = "Pods-PlacePicker.release.xcconfig"; path = "Pods/Target Support Files/Pods-PlacePicker/Pods-PlacePicker.release.xcconfig"; sourceTree = "<group>"; };
		7463DABB0FCB69CD763BDED6 /* libPods-PlacePicker.a */ = {isa = PBXFileReference; explicitFileType = archive.ar; includeInIndex = 0; path = "libPods-PlacePicker.a"; sourceTree = BUILT_PRODUCTS_DIR; };
		CC97F5EA55143CF4731D1BAB /* Pods-PlacePicker.debug.xcconfig */ = {isa = PBXFileReference; includeInIndex = 1; lastKnownFileType = text.xcconfig; name = "Pods-PlacePicker.debug.xcconfig"; path = "Pods/Target Support Files/Pods-PlacePicker/Pods-PlacePicker.debug.xcconfig"; sourceTree = "<group>"; };
		E88F9A0A1DD12A4200BE11E7 /* PlacePicker.app */ = {isa = PBXFileReference; explicitFileType = wrapper.application; includeInIndex = 0; path = PlacePicker.app; sourceTree = BUILT_PRODUCTS_DIR; };
		E88F9A0D1DD12A4200BE11E7 /* AppDelegate.swift */ = {isa = PBXFileReference; lastKnownFileType = sourcecode.swift; path = AppDelegate.swift; sourceTree = "<group>"; };
		E88F9A0F1DD12A4200BE11E7 /* ViewController.swift */ = {isa = PBXFileReference; lastKnownFileType = sourcecode.swift; path = ViewController.swift; sourceTree = "<group>"; };
		E88F9A121DD12A4300BE11E7 /* Base */ = {isa = PBXFileReference; lastKnownFileType = file.storyboard; name = Base; path = Base.lproj/Main.storyboard; sourceTree = "<group>"; };
		E88F9A141DD12A4300BE11E7 /* Assets.xcassets */ = {isa = PBXFileReference; lastKnownFileType = folder.assetcatalog; path = Assets.xcassets; sourceTree = "<group>"; };
		E88F9A171DD12A4300BE11E7 /* Base */ = {isa = PBXFileReference; lastKnownFileType = file.storyboard; name = Base; path = Base.lproj/LaunchScreen.storyboard; sourceTree = "<group>"; };
		E88F9A191DD12A4300BE11E7 /* Info.plist */ = {isa = PBXFileReference; lastKnownFileType = text.plist.xml; path = Info.plist; sourceTree = "<group>"; };
		E88F9A1E1DD12A4400BE11E7 /* PlacePickerTests.xctest */ = {isa = PBXFileReference; explicitFileType = wrapper.cfbundle; includeInIndex = 0; path = PlacePickerTests.xctest; sourceTree = BUILT_PRODUCTS_DIR; };
		E88F9A221DD12A4400BE11E7 /* PlacePickerTests.swift */ = {isa = PBXFileReference; lastKnownFileType = sourcecode.swift; path = PlacePickerTests.swift; sourceTree = "<group>"; };
		E88F9A241DD12A4400BE11E7 /* Info.plist */ = {isa = PBXFileReference; lastKnownFileType = text.plist.xml; path = Info.plist; sourceTree = "<group>"; };
/* End PBXFileReference section */

/* Begin PBXFrameworksBuildPhase section */
		E88F9A071DD12A4200BE11E7 /* Frameworks */ = {
			isa = PBXFrameworksBuildPhase;
			buildActionMask = 2147483647;
			files = (
				97AE96A32E3F28243757E915 /* libPods-PlacePicker.a in Frameworks */,
			);
			runOnlyForDeploymentPostprocessing = 0;
		};
		E88F9A1B1DD12A4300BE11E7 /* Frameworks */ = {
			isa = PBXFrameworksBuildPhase;
			buildActionMask = 2147483647;
			files = (
			);
			runOnlyForDeploymentPostprocessing = 0;
		};
/* End PBXFrameworksBuildPhase section */

/* Begin PBXGroup section */
		B0AAFCDCAD4A6D26A21267ED /* Frameworks */ = {
			isa = PBXGroup;
			children = (
				7463DABB0FCB69CD763BDED6 /* libPods-PlacePicker.a */,
			);
			name = Frameworks;
			sourceTree = "<group>";
		};
		E88F9A011DD12A4200BE11E7 = {
			isa = PBXGroup;
			children = (
				E88F9A0C1DD12A4200BE11E7 /* PlacePicker */,
				E88F9A211DD12A4400BE11E7 /* PlacePickerTests */,
				E88F9A0B1DD12A4200BE11E7 /* Products */,
				F097C467025A93E49DAACE95 /* Pods */,
				B0AAFCDCAD4A6D26A21267ED /* Frameworks */,
			);
			sourceTree = "<group>";
		};
		E88F9A0B1DD12A4200BE11E7 /* Products */ = {
			isa = PBXGroup;
			children = (
				E88F9A0A1DD12A4200BE11E7 /* PlacePicker.app */,
				E88F9A1E1DD12A4400BE11E7 /* PlacePickerTests.xctest */,
			);
			name = Products;
			sourceTree = "<group>";
		};
		E88F9A0C1DD12A4200BE11E7 /* PlacePicker */ = {
			isa = PBXGroup;
			children = (
				E88F9A0D1DD12A4200BE11E7 /* AppDelegate.swift */,
				E88F9A0F1DD12A4200BE11E7 /* ViewController.swift */,
				E88F9A111DD12A4300BE11E7 /* Main.storyboard */,
				E88F9A141DD12A4300BE11E7 /* Assets.xcassets */,
				E88F9A161DD12A4300BE11E7 /* LaunchScreen.storyboard */,
				E88F9A191DD12A4300BE11E7 /* Info.plist */,
			);
			path = PlacePicker;
			sourceTree = "<group>";
		};
		E88F9A211DD12A4400BE11E7 /* PlacePickerTests */ = {
			isa = PBXGroup;
			children = (
				E88F9A221DD12A4400BE11E7 /* PlacePickerTests.swift */,
				E88F9A241DD12A4400BE11E7 /* Info.plist */,
			);
			path = PlacePickerTests;
			sourceTree = "<group>";
		};
		F097C467025A93E49DAACE95 /* Pods */ = {
			isa = PBXGroup;
			children = (
				CC97F5EA55143CF4731D1BAB /* Pods-PlacePicker.debug.xcconfig */,
				6C5E07C1CBCADBFDAC6FDF50 /* Pods-PlacePicker.release.xcconfig */,
			);
			name = Pods;
			sourceTree = "<group>";
		};
/* End PBXGroup section */

/* Begin PBXNativeTarget section */
		E88F9A091DD12A4200BE11E7 /* PlacePicker */ = {
			isa = PBXNativeTarget;
			buildConfigurationList = E88F9A271DD12A4400BE11E7 /* Build configuration list for PBXNativeTarget "PlacePicker" */;
			buildPhases = (
				6308FBE6A3D4371C4B334CE8 /* [CP] Check Pods Manifest.lock */,
				E88F9A061DD12A4200BE11E7 /* Sources */,
				E88F9A071DD12A4200BE11E7 /* Frameworks */,
				E88F9A081DD12A4200BE11E7 /* Resources */,
				8928E336601EB7C335FE7D9D /* [CP] Embed Pods Frameworks */,
				5718A33A3153E9F86B25979C /* [CP] Copy Pods Resources */,
			);
			buildRules = (
			);
			dependencies = (
			);
			name = PlacePicker;
			productName = PlacePicker;
			productReference = E88F9A0A1DD12A4200BE11E7 /* PlacePicker.app */;
			productType = "com.apple.product-type.application";
		};
		E88F9A1D1DD12A4300BE11E7 /* PlacePickerTests */ = {
			isa = PBXNativeTarget;
			buildConfigurationList = E88F9A2A1DD12A4400BE11E7 /* Build configuration list for PBXNativeTarget "PlacePickerTests" */;
			buildPhases = (
				E88F9A1A1DD12A4300BE11E7 /* Sources */,
				E88F9A1B1DD12A4300BE11E7 /* Frameworks */,
				E88F9A1C1DD12A4300BE11E7 /* Resources */,
			);
			buildRules = (
			);
			dependencies = (
				E88F9A201DD12A4400BE11E7 /* PBXTargetDependency */,
			);
			name = PlacePickerTests;
			productName = PlacePickerTests;
			productReference = E88F9A1E1DD12A4400BE11E7 /* PlacePickerTests.xctest */;
			productType = "com.apple.product-type.bundle.unit-test";
		};
/* End PBXNativeTarget section */

/* Begin PBXProject section */
		E88F9A021DD12A4200BE11E7 /* Project object */ = {
			isa = PBXProject;
			attributes = {
				LastSwiftUpdateCheck = 0800;
				LastUpgradeCheck = 0800;
				ORGANIZATIONNAME = "Sam Wu";
				TargetAttributes = {
					E88F9A091DD12A4200BE11E7 = {
						CreatedOnToolsVersion = 8.0;
						DevelopmentTeam = P28Y5RGKW4;
						ProvisioningStyle = Automatic;
					};
					E88F9A1D1DD12A4300BE11E7 = {
						CreatedOnToolsVersion = 8.0;
						DevelopmentTeam = P28Y5RGKW4;
						ProvisioningStyle = Automatic;
						TestTargetID = E88F9A091DD12A4200BE11E7;
					};
				};
			};
			buildConfigurationList = E88F9A051DD12A4200BE11E7 /* Build configuration list for PBXProject "PlacePicker" */;
			compatibilityVersion = "Xcode 3.2";
			developmentRegion = English;
			hasScannedForEncodings = 0;
			knownRegions = (
				en,
				Base,
			);
			mainGroup = E88F9A011DD12A4200BE11E7;
			productRefGroup = E88F9A0B1DD12A4200BE11E7 /* Products */;
			projectDirPath = "";
			projectRoot = "";
			targets = (
				E88F9A091DD12A4200BE11E7 /* PlacePicker */,
				E88F9A1D1DD12A4300BE11E7 /* PlacePickerTests */,
			);
		};
/* End PBXProject section */

/* Begin PBXResourcesBuildPhase section */
		E88F9A081DD12A4200BE11E7 /* Resources */ = {
			isa = PBXResourcesBuildPhase;
			buildActionMask = 2147483647;
			files = (
				E88F9A181DD12A4300BE11E7 /* LaunchScreen.storyboard in Resources */,
				E88F9A151DD12A4300BE11E7 /* Assets.xcassets in Resources */,
				E88F9A131DD12A4300BE11E7 /* Main.storyboard in Resources */,
			);
			runOnlyForDeploymentPostprocessing = 0;
		};
		E88F9A1C1DD12A4300BE11E7 /* Resources */ = {
			isa = PBXResourcesBuildPhase;
			buildActionMask = 2147483647;
			files = (
			);
			runOnlyForDeploymentPostprocessing = 0;
		};
/* End PBXResourcesBuildPhase section */

/* Begin PBXShellScriptBuildPhase section */
		5718A33A3153E9F86B25979C /* [CP] Copy Pods Resources */ = {
			isa = PBXShellScriptBuildPhase;
			buildActionMask = 2147483647;
			files = (
			);
			inputPaths = (
			);
			name = "[CP] Copy Pods Resources";
			outputPaths = (
			);
			runOnlyForDeploymentPostprocessing = 0;
			shellPath = /bin/sh;
			shellScript = "\"${SRCROOT}/Pods/Target Support Files/Pods-PlacePicker/Pods-PlacePicker-resources.sh\"\n";
			showEnvVarsInLog = 0;
		};
		6308FBE6A3D4371C4B334CE8 /* [CP] Check Pods Manifest.lock */ = {
			isa = PBXShellScriptBuildPhase;
			buildActionMask = 2147483647;
			files = (
			);
			inputPaths = (
			);
			name = "[CP] Check Pods Manifest.lock";
			outputPaths = (
			);
			runOnlyForDeploymentPostprocessing = 0;
			shellPath = /bin/sh;
			shellScript = "diff \"${PODS_ROOT}/../Podfile.lock\" \"${PODS_ROOT}/Manifest.lock\" > /dev/null\nif [[ $? != 0 ]] ; then\n    cat << EOM\nerror: The sandbox is not in sync with the Podfile.lock. Run 'pod install' or update your CocoaPods installation.\nEOM\n    exit 1\nfi\n";
			showEnvVarsInLog = 0;
		};
		8928E336601EB7C335FE7D9D /* [CP] Embed Pods Frameworks */ = {
			isa = PBXShellScriptBuildPhase;
			buildActionMask = 2147483647;
			files = (
			);
			inputPaths = (
			);
			name = "[CP] Embed Pods Frameworks";
			outputPaths = (
			);
			runOnlyForDeploymentPostprocessing = 0;
			shellPath = /bin/sh;
			shellScript = "\"${SRCROOT}/Pods/Target Support Files/Pods-PlacePicker/Pods-PlacePicker-frameworks.sh\"\n";
			showEnvVarsInLog = 0;
		};
/* End PBXShellScriptBuildPhase section */

/* Begin PBXSourcesBuildPhase section */
		E88F9A061DD12A4200BE11E7 /* Sources */ = {
			isa = PBXSourcesBuildPhase;
			buildActionMask = 2147483647;
			files = (
				E88F9A101DD12A4200BE11E7 /* ViewController.swift in Sources */,
				E88F9A0E1DD12A4200BE11E7 /* AppDelegate.swift in Sources */,
			);
			runOnlyForDeploymentPostprocessing = 0;
		};
		E88F9A1A1DD12A4300BE11E7 /* Sources */ = {
			isa = PBXSourcesBuildPhase;
			buildActionMask = 2147483647;
			files = (
				E88F9A231DD12A4400BE11E7 /* PlacePickerTests.swift in Sources */,
			);
			runOnlyForDeploymentPostprocessing = 0;
		};
/* End PBXSourcesBuildPhase section */

/* Begin PBXTargetDependency section */
		E88F9A201DD12A4400BE11E7 /* PBXTargetDependency */ = {
			isa = PBXTargetDependency;
			target = E88F9A091DD12A4200BE11E7 /* PlacePicker */;
			targetProxy = E88F9A1F1DD12A4400BE11E7 /* PBXContainerItemProxy */;
		};
/* End PBXTargetDependency section */

/* Begin PBXVariantGroup section */
		E88F9A111DD12A4300BE11E7 /* Main.storyboard */ = {
			isa = PBXVariantGroup;
			children = (
				E88F9A121DD12A4300BE11E7 /* Base */,
			);
			name = Main.storyboard;
			sourceTree = "<group>";
		};
		E88F9A161DD12A4300BE11E7 /* LaunchScreen.storyboard */ = {
			isa = PBXVariantGroup;
			children = (
				E88F9A171DD12A4300BE11E7 /* Base */,
			);
			name = LaunchScreen.storyboard;
			sourceTree = "<group>";
		};
/* End PBXVariantGroup section */

/* Begin XCBuildConfiguration section */
		E88F9A251DD12A4400BE11E7 /* Debug */ = {
			isa = XCBuildConfiguration;
			buildSettings = {
				ALWAYS_SEARCH_USER_PATHS = NO;
				CLANG_ANALYZER_NONNULL = YES;
				CLANG_CXX_LANGUAGE_STANDARD = "gnu++0x";
				CLANG_CXX_LIBRARY = "libc++";
				CLANG_ENABLE_MODULES = YES;
				CLANG_ENABLE_OBJC_ARC = YES;
				CLANG_WARN_BOOL_CONVERSION = YES;
				CLANG_WARN_CONSTANT_CONVERSION = YES;
				CLANG_WARN_DIRECT_OBJC_ISA_USAGE = YES_ERROR;
				CLANG_WARN_DOCUMENTATION_COMMENTS = YES;
				CLANG_WARN_EMPTY_BODY = YES;
				CLANG_WARN_ENUM_CONVERSION = YES;
				CLANG_WARN_INFINITE_RECURSION = YES;
				CLANG_WARN_INT_CONVERSION = YES;
				CLANG_WARN_OBJC_ROOT_CLASS = YES_ERROR;
				CLANG_WARN_SUSPICIOUS_MOVES = YES;
				CLANG_WARN_UNREACHABLE_CODE = YES;
				CLANG_WARN__DUPLICATE_METHOD_MATCH = YES;
				"CODE_SIGN_IDENTITY[sdk=iphoneos*]" = "iPhone Developer";
				COPY_PHASE_STRIP = NO;
				DEBUG_INFORMATION_FORMAT = dwarf;
				ENABLE_STRICT_OBJC_MSGSEND = YES;
				ENABLE_TESTABILITY = YES;
				GCC_C_LANGUAGE_STANDARD = gnu99;
				GCC_DYNAMIC_NO_PIC = NO;
				GCC_NO_COMMON_BLOCKS = YES;
				GCC_OPTIMIZATION_LEVEL = 0;
				GCC_PREPROCESSOR_DEFINITIONS = (
					"DEBUG=1",
					"$(inherited)",
				);
				GCC_WARN_64_TO_32_BIT_CONVERSION = YES;
				GCC_WARN_ABOUT_RETURN_TYPE = YES_ERROR;
				GCC_WARN_UNDECLARED_SELECTOR = YES;
				GCC_WARN_UNINITIALIZED_AUTOS = YES_AGGRESSIVE;
				GCC_WARN_UNUSED_FUNCTION = YES;
				GCC_WARN_UNUSED_VARIABLE = YES;
				IPHONEOS_DEPLOYMENT_TARGET = 10.0;
				MTL_ENABLE_DEBUG_INFO = YES;
				ONLY_ACTIVE_ARCH = YES;
				SDKROOT = iphoneos;
				SWIFT_ACTIVE_COMPILATION_CONDITIONS = DEBUG;
				SWIFT_OPTIMIZATION_LEVEL = "-Onone";
				TARGETED_DEVICE_FAMILY = "1,2";
			};
			name = Debug;
		};
		E88F9A261DD12A4400BE11E7 /* Release */ = {
			isa = XCBuildConfiguration;
			buildSettings = {
				ALWAYS_SEARCH_USER_PATHS = NO;
				CLANG_ANALYZER_NONNULL = YES;
				CLANG_CXX_LANGUAGE_STANDARD = "gnu++0x";
				CLANG_CXX_LIBRARY = "libc++";
				CLANG_ENABLE_MODULES = YES;
				CLANG_ENABLE_OBJC_ARC = YES;
				CLANG_WARN_BOOL_CONVERSION = YES;
				CLANG_WARN_CONSTANT_CONVERSION = YES;
				CLANG_WARN_DIRECT_OBJC_ISA_USAGE = YES_ERROR;
				CLANG_WARN_DOCUMENTATION_COMMENTS = YES;
				CLANG_WARN_EMPTY_BODY = YES;
				CLANG_WARN_ENUM_CONVERSION = YES;
				CLANG_WARN_INFINITE_RECURSION = YES;
				CLANG_WARN_INT_CONVERSION = YES;
				CLANG_WARN_OBJC_ROOT_CLASS = YES_ERROR;
				CLANG_WARN_SUSPICIOUS_MOVES = YES;
				CLANG_WARN_UNREACHABLE_CODE = YES;
				CLANG_WARN__DUPLICATE_METHOD_MATCH = YES;
				"CODE_SIGN_IDENTITY[sdk=iphoneos*]" = "iPhone Developer";
				COPY_PHASE_STRIP = NO;
				DEBUG_INFORMATION_FORMAT = "dwarf-with-dsym";
				ENABLE_NS_ASSERTIONS = NO;
				ENABLE_STRICT_OBJC_MSGSEND = YES;
				GCC_C_LANGUAGE_STANDARD = gnu99;
				GCC_NO_COMMON_BLOCKS = YES;
				GCC_WARN_64_TO_32_BIT_CONVERSION = YES;
				GCC_WARN_ABOUT_RETURN_TYPE = YES_ERROR;
				GCC_WARN_UNDECLARED_SELECTOR = YES;
				GCC_WARN_UNINITIALIZED_AUTOS = YES_AGGRESSIVE;
				GCC_WARN_UNUSED_FUNCTION = YES;
				GCC_WARN_UNUSED_VARIABLE = YES;
				IPHONEOS_DEPLOYMENT_TARGET = 10.0;
				MTL_ENABLE_DEBUG_INFO = NO;
				SDKROOT = iphoneos;
				SWIFT_OPTIMIZATION_LEVEL = "-Owholemodule";
				TARGETED_DEVICE_FAMILY = "1,2";
				VALIDATE_PRODUCT = YES;
			};
			name = Release;
		};
		E88F9A281DD12A4400BE11E7 /* Debug */ = {
			isa = XCBuildConfiguration;
			baseConfigurationReference = CC97F5EA55143CF4731D1BAB /* Pods-PlacePicker.debug.xcconfig */;
			buildSettings = {
				ASSETCATALOG_COMPILER_APPICON_NAME = AppIcon;
				DEVELOPMENT_TEAM = P28Y5RGKW4;
				INFOPLIST_FILE = PlacePicker/Info.plist;
				LD_RUNPATH_SEARCH_PATHS = "$(inherited) @executable_path/Frameworks";
				PRODUCT_BUNDLE_IDENTIFIER = com.BothPoints.PlacePicker;
				PRODUCT_NAME = "$(TARGET_NAME)";
				SWIFT_VERSION = 3.0;
			};
			name = Debug;
		};
		E88F9A291DD12A4400BE11E7 /* Release */ = {
			isa = XCBuildConfiguration;
			baseConfigurationReference = 6C5E07C1CBCADBFDAC6FDF50 /* Pods-PlacePicker.release.xcconfig */;
			buildSettings = {
				ASSETCATALOG_COMPILER_APPICON_NAME = AppIcon;
				DEVELOPMENT_TEAM = P28Y5RGKW4;
				INFOPLIST_FILE = PlacePicker/Info.plist;
				LD_RUNPATH_SEARCH_PATHS = "$(inherited) @executable_path/Frameworks";
				PRODUCT_BUNDLE_IDENTIFIER = com.BothPoints.PlacePicker;
				PRODUCT_NAME = "$(TARGET_NAME)";
				SWIFT_VERSION = 3.0;
			};
			name = Release;
		};
		E88F9A2B1DD12A4400BE11E7 /* Debug */ = {
			isa = XCBuildConfiguration;
			buildSettings = {
				ALWAYS_EMBED_SWIFT_STANDARD_LIBRARIES = YES;
				BUNDLE_LOADER = "$(TEST_HOST)";
				DEVELOPMENT_TEAM = P28Y5RGKW4;
				INFOPLIST_FILE = PlacePickerTests/Info.plist;
				LD_RUNPATH_SEARCH_PATHS = "$(inherited) @executable_path/Frameworks @loader_path/Frameworks";
				PRODUCT_BUNDLE_IDENTIFIER = com.BothPoints.PlacePickerTests;
				PRODUCT_NAME = "$(TARGET_NAME)";
				SWIFT_VERSION = 3.0;
				TEST_HOST = "$(BUILT_PRODUCTS_DIR)/PlacePicker.app/PlacePicker";
			};
			name = Debug;
		};
		E88F9A2C1DD12A4400BE11E7 /* Release */ = {
			isa = XCBuildConfiguration;
			buildSettings = {
				ALWAYS_EMBED_SWIFT_STANDARD_LIBRARIES = YES;
				BUNDLE_LOADER = "$(TEST_HOST)";
				DEVELOPMENT_TEAM = P28Y5RGKW4;
				INFOPLIST_FILE = PlacePickerTests/Info.plist;
				LD_RUNPATH_SEARCH_PATHS = "$(inherited) @executable_path/Frameworks @loader_path/Frameworks";
				PRODUCT_BUNDLE_IDENTIFIER = com.BothPoints.PlacePickerTests;
				PRODUCT_NAME = "$(TARGET_NAME)";
				SWIFT_VERSION = 3.0;
				TEST_HOST = "$(BUILT_PRODUCTS_DIR)/PlacePicker.app/PlacePicker";
			};
			name = Release;
		};
/* End XCBuildConfiguration section */

/* Begin XCConfigurationList section */
		E88F9A051DD12A4200BE11E7 /* Build configuration list for PBXProject "PlacePicker" */ = {
			isa = XCConfigurationList;
			buildConfigurations = (
				E88F9A251DD12A4400BE11E7 /* Debug */,
				E88F9A261DD12A4400BE11E7 /* Release */,
			);
			defaultConfigurationIsVisible = 0;
			defaultConfigurationName = Release;
		};
		E88F9A271DD12A4400BE11E7 /* Build configuration list for PBXNativeTarget "PlacePicker" */ = {
			isa = XCConfigurationList;
			buildConfigurations = (
				E88F9A281DD12A4400BE11E7 /* Debug */,
				E88F9A291DD12A4400BE11E7 /* Release */,
			);
			defaultConfigurationIsVisible = 0;
			defaultConfigurationName = Release;
		};
		E88F9A2A1DD12A4400BE11E7 /* Build configuration list for PBXNativeTarget "PlacePickerTests" */ = {
			isa = XCConfigurationList;
			buildConfigurations = (
				E88F9A2B1DD12A4400BE11E7 /* Debug */,
				E88F9A2C1DD12A4400BE11E7 /* Release */,
			);
			defaultConfigurationIsVisible = 0;
			defaultConfigurationName = Release;
		};
/* End XCConfigurationList section */
	};
	rootObject = E88F9A021DD12A4200BE11E7 /* Project object */;
}
